
Microsoft Visual Studio Solution File, Format Version 12.00
# Visual Studio Version 16
VisualStudioVersion = 16.0.30406.217
MinimumVisualStudioVersion = 10.0.40219.1
Project("{FAE04EC0-301F-11D3-BF4B-00C04F79EFBC}") = "DataDiscogs", "DataDiscogs\DataDiscogs.csproj", "{0A935E07-8EF7-473C-94F1-09608A36811A}"
EndProject
Project("{FAE04EC0-301F-11D3-BF4B-00C04F79EFBC}") = "Context", "Context\Context.csproj", "{D5A7AEED-4DB1-449F-B1F7-F3B28AB5B497}"
EndProject
Global
	GlobalSection(SolutionConfigurationPlatforms) = preSolution
		Debug|Any CPU = Debug|Any CPU
		Release|Any CPU = Release|Any CPU
	EndGlobalSection
	GlobalSection(ProjectConfigurationPlatforms) = postSolution
		{0A935E07-8EF7-473C-94F1-09608A36811A}.Debug|Any CPU.ActiveCfg = Debug|Any CPU
		{0A935E07-8EF7-473C-94F1-09608A36811A}.Debug|Any CPU.Build.0 = Debug|Any CPU
		{0A935E07-8EF7-473C-94F1-09608A36811A}.Release|Any CPU.ActiveCfg = Release|Any CPU
		{0A935E07-8EF7-473C-94F1-09608A36811A}.Release|Any CPU.Build.0 = Release|Any CPU
		{D5A7AEED-4DB1-449F-B1F7-F3B28AB5B497}.Debug|Any CPU.ActiveCfg = Debug|Any CPU
		{D5A7AEED-4DB1-449F-B1F7-F3B28AB5B497}.Debug|Any CPU.Build.0 = Debug|Any CPU
		{D5A7AEED-4DB1-449F-B1F7-F3B28AB5B497}.Release|Any CPU.ActiveCfg = Release|Any CPU
		{D5A7AEED-4DB1-449F-B1F7-F3B28AB5B497}.Release|Any CPU.Build.0 = Release|Any CPU
	EndGlobalSection
	GlobalSection(SolutionProperties) = preSolution
		HideSolutionNode = FALSE
	EndGlobalSection
	GlobalSection(ExtensibilityGlobals) = postSolution
		SolutionGuid = {0C71150F-AE65-4930-A094-A0533C9723B8}
	EndGlobalSection
EndGlobal
